// !$*UTF8*$!
{
	archiveVersion = 1;
	classes = {
	};
	objectVersion = 56;
	objects = {

/* Begin PBXBuildFile section */
		F58916D22BA59995008EC345 /* mybrary_renewalApp.swift in Sources */ = {isa = PBXBuildFile; fileRef = F58916D12BA59995008EC345 /* mybrary_renewalApp.swift */; };
		F58916D42BA59995008EC345 /* ContentView.swift in Sources */ = {isa = PBXBuildFile; fileRef = F58916D32BA59995008EC345 /* ContentView.swift */; };
		F58916D62BA59997008EC345 /* Assets.xcassets in Resources */ = {isa = PBXBuildFile; fileRef = F58916D52BA59997008EC345 /* Assets.xcassets */; };
		F58916D92BA59997008EC345 /* Preview Assets.xcassets in Resources */ = {isa = PBXBuildFile; fileRef = F58916D82BA59997008EC345 /* Preview Assets.xcassets */; };
		F58916E22BA5A12B008EC345 /* AuthView.swift in Sources */ = {isa = PBXBuildFile; fileRef = F58916E12BA5A12B008EC345 /* AuthView.swift */; };
		F58916E52BA5A332008EC345 /* OAuthButton.swift in Sources */ = {isa = PBXBuildFile; fileRef = F58916E42BA5A332008EC345 /* OAuthButton.swift */; };
		F58916E72BA5A636008EC345 /* CommonStyle.swift in Sources */ = {isa = PBXBuildFile; fileRef = F58916E62BA5A636008EC345 /* CommonStyle.swift */; };
		F58916ED2BA5AA78008EC345 /* BaseInterceptor.swift in Sources */ = {isa = PBXBuildFile; fileRef = F58916EC2BA5AA78008EC345 /* BaseInterceptor.swift */; };
		F58916F02BA5AA88008EC345 /* Alamofire in Frameworks */ = {isa = PBXBuildFile; productRef = F58916EF2BA5AA88008EC345 /* Alamofire */; };
		F58916F22BA5AA88008EC345 /* AlamofireDynamic in Frameworks */ = {isa = PBXBuildFile; productRef = F58916F12BA5AA88008EC345 /* AlamofireDynamic */; };
		F58916F42BA5AAD6008EC345 /* ApiLogger.swift in Sources */ = {isa = PBXBuildFile; fileRef = F58916F32BA5AAD6008EC345 /* ApiLogger.swift */; };
		F58916F62BA5AB53008EC345 /* ApiClient.swift in Sources */ = {isa = PBXBuildFile; fileRef = F58916F52BA5AB53008EC345 /* ApiClient.swift */; };
		F58916F82BA5B302008EC345 /* AuthApiService.swift in Sources */ = {isa = PBXBuildFile; fileRef = F58916F72BA5B302008EC345 /* AuthApiService.swift */; };
		F58916FA2BA5B316008EC345 /* AuthRouter.swift in Sources */ = {isa = PBXBuildFile; fileRef = F58916F92BA5B316008EC345 /* AuthRouter.swift */; };
/* End PBXBuildFile section */

/* Begin PBXFileReference section */
		F58916CE2BA59995008EC345 /* mybrary-renewal.app */ = {isa = PBXFileReference; explicitFileType = wrapper.application; includeInIndex = 0; path = "mybrary-renewal.app"; sourceTree = BUILT_PRODUCTS_DIR; };
		F58916D12BA59995008EC345 /* mybrary_renewalApp.swift */ = {isa = PBXFileReference; lastKnownFileType = sourcecode.swift; path = mybrary_renewalApp.swift; sourceTree = "<group>"; };
		F58916D32BA59995008EC345 /* ContentView.swift */ = {isa = PBXFileReference; lastKnownFileType = sourcecode.swift; path = ContentView.swift; sourceTree = "<group>"; };
		F58916D52BA59997008EC345 /* Assets.xcassets */ = {isa = PBXFileReference; lastKnownFileType = folder.assetcatalog; path = Assets.xcassets; sourceTree = "<group>"; };
		F58916D82BA59997008EC345 /* Preview Assets.xcassets */ = {isa = PBXFileReference; lastKnownFileType = folder.assetcatalog; path = "Preview Assets.xcassets"; sourceTree = "<group>"; };
		F58916E12BA5A12B008EC345 /* AuthView.swift */ = {isa = PBXFileReference; lastKnownFileType = sourcecode.swift; path = AuthView.swift; sourceTree = "<group>"; };
		F58916E42BA5A332008EC345 /* OAuthButton.swift */ = {isa = PBXFileReference; lastKnownFileType = sourcecode.swift; path = OAuthButton.swift; sourceTree = "<group>"; };
		F58916E62BA5A636008EC345 /* CommonStyle.swift */ = {isa = PBXFileReference; lastKnownFileType = sourcecode.swift; path = CommonStyle.swift; sourceTree = "<group>"; };
		F58916EC2BA5AA78008EC345 /* BaseInterceptor.swift */ = {isa = PBXFileReference; lastKnownFileType = sourcecode.swift; path = BaseInterceptor.swift; sourceTree = "<group>"; };
		F58916F32BA5AAD6008EC345 /* ApiLogger.swift */ = {isa = PBXFileReference; lastKnownFileType = sourcecode.swift; path = ApiLogger.swift; sourceTree = "<group>"; };
		F58916F52BA5AB53008EC345 /* ApiClient.swift */ = {isa = PBXFileReference; lastKnownFileType = sourcecode.swift; path = ApiClient.swift; sourceTree = "<group>"; };
		F58916F72BA5B302008EC345 /* AuthApiService.swift */ = {isa = PBXFileReference; lastKnownFileType = sourcecode.swift; path = AuthApiService.swift; sourceTree = "<group>"; };
		F58916F92BA5B316008EC345 /* AuthRouter.swift */ = {isa = PBXFileReference; lastKnownFileType = sourcecode.swift; path = AuthRouter.swift; sourceTree = "<group>"; };
/* End PBXFileReference section */

/* Begin PBXFrameworksBuildPhase section */
		F58916CB2BA59995008EC345 /* Frameworks */ = {
			isa = PBXFrameworksBuildPhase;
			buildActionMask = 2147483647;
			files = (
				F58916F02BA5AA88008EC345 /* Alamofire in Frameworks */,
				F58916F22BA5AA88008EC345 /* AlamofireDynamic in Frameworks */,
			);
			runOnlyForDeploymentPostprocessing = 0;
		};
/* End PBXFrameworksBuildPhase section */

/* Begin PBXGroup section */
		F58916C52BA59995008EC345 = {
			isa = PBXGroup;
			children = (
				F58916D02BA59995008EC345 /* mybrary-renewal */,
				F58916CF2BA59995008EC345 /* Products */,
			);
			sourceTree = "<group>";
		};
		F58916CF2BA59995008EC345 /* Products */ = {
			isa = PBXGroup;
			children = (
				F58916CE2BA59995008EC345 /* mybrary-renewal.app */,
			);
			name = Products;
			sourceTree = "<group>";
		};
		F58916D02BA59995008EC345 /* mybrary-renewal */ = {
			isa = PBXGroup;
			children = (
				F58916E82BA5AA47008EC345 /* API */,
				F58916E32BA5A325008EC345 /* Components */,
				F58916DF2BA59E88008EC345 /* Views */,
				F58916D12BA59995008EC345 /* mybrary_renewalApp.swift */,
				F58916D32BA59995008EC345 /* ContentView.swift */,
				F58916D52BA59997008EC345 /* Assets.xcassets */,
				F58916D72BA59997008EC345 /* Preview Content */,
			);
			path = "mybrary-renewal";
			sourceTree = "<group>";
		};
		F58916D72BA59997008EC345 /* Preview Content */ = {
			isa = PBXGroup;
			children = (
				F58916D82BA59997008EC345 /* Preview Assets.xcassets */,
			);
			path = "Preview Content";
			sourceTree = "<group>";
		};
		F58916DF2BA59E88008EC345 /* Views */ = {
			isa = PBXGroup;
			children = (
				F58916E02BA5A121008EC345 /* Auth */,
			);
			path = Views;
			sourceTree = "<group>";
		};
		F58916E02BA5A121008EC345 /* Auth */ = {
			isa = PBXGroup;
			children = (
				F58916E12BA5A12B008EC345 /* AuthView.swift */,
			);
			path = Auth;
			sourceTree = "<group>";
		};
		F58916E32BA5A325008EC345 /* Components */ = {
			isa = PBXGroup;
			children = (
				F58916E42BA5A332008EC345 /* OAuthButton.swift */,
				F58916E62BA5A636008EC345 /* CommonStyle.swift */,
			);
			path = Components;
			sourceTree = "<group>";
		};
		F58916E82BA5AA47008EC345 /* API */ = {
			isa = PBXGroup;
			children = (
				F58916EB2BA5AA5A008EC345 /* Router */,
				F58916EA2BA5AA53008EC345 /* Interceptor */,
				F58916E92BA5AA4E008EC345 /* Service */,
				F58916F32BA5AAD6008EC345 /* ApiLogger.swift */,
				F58916F52BA5AB53008EC345 /* ApiClient.swift */,
			);
			path = API;
			sourceTree = "<group>";
		};
		F58916E92BA5AA4E008EC345 /* Service */ = {
			isa = PBXGroup;
			children = (
				F58916F92BA5B316008EC345 /* AuthRouter.swift */,
			);
			path = Service;
			sourceTree = "<group>";
		};
		F58916EA2BA5AA53008EC345 /* Interceptor */ = {
			isa = PBXGroup;
			children = (
				F58916EC2BA5AA78008EC345 /* BaseInterceptor.swift */,
			);
			path = Interceptor;
			sourceTree = "<group>";
		};
		F58916EB2BA5AA5A008EC345 /* Router */ = {
			isa = PBXGroup;
			children = (
				F58916F72BA5B302008EC345 /* AuthApiService.swift */,
			);
			path = Router;
			sourceTree = "<group>";
		};
/* End PBXGroup section */

/* Begin PBXNativeTarget section */
		F58916CD2BA59995008EC345 /* mybrary-renewal */ = {
			isa = PBXNativeTarget;
			buildConfigurationList = F58916DC2BA59997008EC345 /* Build configuration list for PBXNativeTarget "mybrary-renewal" */;
			buildPhases = (
				F58916CA2BA59995008EC345 /* Sources */,
				F58916CB2BA59995008EC345 /* Frameworks */,
				F58916CC2BA59995008EC345 /* Resources */,
			);
			buildRules = (
			);
			dependencies = (
			);
			name = "mybrary-renewal";
			packageProductDependencies = (
				F58916EF2BA5AA88008EC345 /* Alamofire */,
				F58916F12BA5AA88008EC345 /* AlamofireDynamic */,
			);
			productName = "mybrary-renewal";
			productReference = F58916CE2BA59995008EC345 /* mybrary-renewal.app */;
			productType = "com.apple.product-type.application";
		};
/* End PBXNativeTarget section */

/* Begin PBXProject section */
		F58916C62BA59995008EC345 /* Project object */ = {
			isa = PBXProject;
			attributes = {
				BuildIndependentTargetsInParallel = 1;
				LastSwiftUpdateCheck = 1530;
				LastUpgradeCheck = 1530;
				TargetAttributes = {
					F58916CD2BA59995008EC345 = {
						CreatedOnToolsVersion = 15.3;
					};
				};
			};
			buildConfigurationList = F58916C92BA59995008EC345 /* Build configuration list for PBXProject "mybrary-renewal" */;
			compatibilityVersion = "Xcode 14.0";
			developmentRegion = en;
			hasScannedForEncodings = 0;
			knownRegions = (
				en,
				Base,
			);
			mainGroup = F58916C52BA59995008EC345;
			packageReferences = (
				F58916EE2BA5AA88008EC345 /* XCRemoteSwiftPackageReference "Alamofire" */,
			);
			productRefGroup = F58916CF2BA59995008EC345 /* Products */;
			projectDirPath = "";
			projectRoot = "";
			targets = (
				F58916CD2BA59995008EC345 /* mybrary-renewal */,
			);
		};
/* End PBXProject section */

/* Begin PBXResourcesBuildPhase section */
		F58916CC2BA59995008EC345 /* Resources */ = {
			isa = PBXResourcesBuildPhase;
			buildActionMask = 2147483647;
			files = (
				F58916D92BA59997008EC345 /* Preview Assets.xcassets in Resources */,
				F58916D62BA59997008EC345 /* Assets.xcassets in Resources */,
			);
			runOnlyForDeploymentPostprocessing = 0;
		};
/* End PBXResourcesBuildPhase section */

/* Begin PBXSourcesBuildPhase section */
		F58916CA2BA59995008EC345 /* Sources */ = {
			isa = PBXSourcesBuildPhase;
			buildActionMask = 2147483647;
			files = (
				F58916D42BA59995008EC345 /* ContentView.swift in Sources */,
				F58916E52BA5A332008EC345 /* OAuthButton.swift in Sources */,
				F58916FA2BA5B316008EC345 /* AuthRouter.swift in Sources */,
				F58916F42BA5AAD6008EC345 /* ApiLogger.swift in Sources */,
				F58916F62BA5AB53008EC345 /* ApiClient.swift in Sources */,
				F58916ED2BA5AA78008EC345 /* BaseInterceptor.swift in Sources */,
				F58916D22BA59995008EC345 /* mybrary_renewalApp.swift in Sources */,
				F58916E72BA5A636008EC345 /* CommonStyle.swift in Sources */,
				F58916E22BA5A12B008EC345 /* AuthView.swift in Sources */,
				F58916F82BA5B302008EC345 /* AuthApiService.swift in Sources */,
			);
			runOnlyForDeploymentPostprocessing = 0;
		};
/* End PBXSourcesBuildPhase section */

/* Begin XCBuildConfiguration section */
		F58916DA2BA59997008EC345 /* Debug */ = {
			isa = XCBuildConfiguration;
			buildSettings = {
				ALWAYS_SEARCH_USER_PATHS = NO;
				ASSETCATALOG_COMPILER_GENERATE_SWIFT_ASSET_SYMBOL_EXTENSIONS = YES;
				CLANG_ANALYZER_NONNULL = YES;
				CLANG_ANALYZER_NUMBER_OBJECT_CONVERSION = YES_AGGRESSIVE;
				CLANG_CXX_LANGUAGE_STANDARD = "gnu++20";
				CLANG_ENABLE_MODULES = YES;
				CLANG_ENABLE_OBJC_ARC = YES;
				CLANG_ENABLE_OBJC_WEAK = YES;
				CLANG_WARN_BLOCK_CAPTURE_AUTORELEASING = YES;
				CLANG_WARN_BOOL_CONVERSION = YES;
				CLANG_WARN_COMMA = YES;
				CLANG_WARN_CONSTANT_CONVERSION = YES;
				CLANG_WARN_DEPRECATED_OBJC_IMPLEMENTATIONS = YES;
				CLANG_WARN_DIRECT_OBJC_ISA_USAGE = YES_ERROR;
				CLANG_WARN_DOCUMENTATION_COMMENTS = YES;
				CLANG_WARN_EMPTY_BODY = YES;
				CLANG_WARN_ENUM_CONVERSION = YES;
				CLANG_WARN_INFINITE_RECURSION = YES;
				CLANG_WARN_INT_CONVERSION = YES;
				CLANG_WARN_NON_LITERAL_NULL_CONVERSION = YES;
				CLANG_WARN_OBJC_IMPLICIT_RETAIN_SELF = YES;
				CLANG_WARN_OBJC_LITERAL_CONVERSION = YES;
				CLANG_WARN_OBJC_ROOT_CLASS = YES_ERROR;
				CLANG_WARN_QUOTED_INCLUDE_IN_FRAMEWORK_HEADER = YES;
				CLANG_WARN_RANGE_LOOP_ANALYSIS = YES;
				CLANG_WARN_STRICT_PROTOTYPES = YES;
				CLANG_WARN_SUSPICIOUS_MOVE = YES;
				CLANG_WARN_UNGUARDED_AVAILABILITY = YES_AGGRESSIVE;
				CLANG_WARN_UNREACHABLE_CODE = YES;
				CLANG_WARN__DUPLICATE_METHOD_MATCH = YES;
				COPY_PHASE_STRIP = NO;
				DEBUG_INFORMATION_FORMAT = dwarf;
				ENABLE_STRICT_OBJC_MSGSEND = YES;
				ENABLE_TESTABILITY = YES;
				ENABLE_USER_SCRIPT_SANDBOXING = YES;
				GCC_C_LANGUAGE_STANDARD = gnu17;
				GCC_DYNAMIC_NO_PIC = NO;
				GCC_NO_COMMON_BLOCKS = YES;
				GCC_OPTIMIZATION_LEVEL = 0;
				GCC_PREPROCESSOR_DEFINITIONS = (
					"DEBUG=1",
					"$(inherited)",
				);
				GCC_WARN_64_TO_32_BIT_CONVERSION = YES;
				GCC_WARN_ABOUT_RETURN_TYPE = YES_ERROR;
				GCC_WARN_UNDECLARED_SELECTOR = YES;
				GCC_WARN_UNINITIALIZED_AUTOS = YES_AGGRESSIVE;
				GCC_WARN_UNUSED_FUNCTION = YES;
				GCC_WARN_UNUSED_VARIABLE = YES;
				IPHONEOS_DEPLOYMENT_TARGET = 17.4;
				LOCALIZATION_PREFERS_STRING_CATALOGS = YES;
				MTL_ENABLE_DEBUG_INFO = INCLUDE_SOURCE;
				MTL_FAST_MATH = YES;
				ONLY_ACTIVE_ARCH = YES;
				SDKROOT = iphoneos;
				SWIFT_ACTIVE_COMPILATION_CONDITIONS = "DEBUG $(inherited)";
				SWIFT_OPTIMIZATION_LEVEL = "-Onone";
			};
			name = Debug;
		};
		F58916DB2BA59997008EC345 /* Release */ = {
			isa = XCBuildConfiguration;
			buildSettings = {
				ALWAYS_SEARCH_USER_PATHS = NO;
				ASSETCATALOG_COMPILER_GENERATE_SWIFT_ASSET_SYMBOL_EXTENSIONS = YES;
				CLANG_ANALYZER_NONNULL = YES;
				CLANG_ANALYZER_NUMBER_OBJECT_CONVERSION = YES_AGGRESSIVE;
				CLANG_CXX_LANGUAGE_STANDARD = "gnu++20";
				CLANG_ENABLE_MODULES = YES;
				CLANG_ENABLE_OBJC_ARC = YES;
				CLANG_ENABLE_OBJC_WEAK = YES;
				CLANG_WARN_BLOCK_CAPTURE_AUTORELEASING = YES;
				CLANG_WARN_BOOL_CONVERSION = YES;
				CLANG_WARN_COMMA = YES;
				CLANG_WARN_CONSTANT_CONVERSION = YES;
				CLANG_WARN_DEPRECATED_OBJC_IMPLEMENTATIONS = YES;
				CLANG_WARN_DIRECT_OBJC_ISA_USAGE = YES_ERROR;
				CLANG_WARN_DOCUMENTATION_COMMENTS = YES;
				CLANG_WARN_EMPTY_BODY = YES;
				CLANG_WARN_ENUM_CONVERSION = YES;
				CLANG_WARN_INFINITE_RECURSION = YES;
				CLANG_WARN_INT_CONVERSION = YES;
				CLANG_WARN_NON_LITERAL_NULL_CONVERSION = YES;
				CLANG_WARN_OBJC_IMPLICIT_RETAIN_SELF = YES;
				CLANG_WARN_OBJC_LITERAL_CONVERSION = YES;
				CLANG_WARN_OBJC_ROOT_CLASS = YES_ERROR;
				CLANG_WARN_QUOTED_INCLUDE_IN_FRAMEWORK_HEADER = YES;
				CLANG_WARN_RANGE_LOOP_ANALYSIS = YES;
				CLANG_WARN_STRICT_PROTOTYPES = YES;
				CLANG_WARN_SUSPICIOUS_MOVE = YES;
				CLANG_WARN_UNGUARDED_AVAILABILITY = YES_AGGRESSIVE;
				CLANG_WARN_UNREACHABLE_CODE = YES;
				CLANG_WARN__DUPLICATE_METHOD_MATCH = YES;
				COPY_PHASE_STRIP = NO;
				DEBUG_INFORMATION_FORMAT = "dwarf-with-dsym";
				ENABLE_NS_ASSERTIONS = NO;
				ENABLE_STRICT_OBJC_MSGSEND = YES;
				ENABLE_USER_SCRIPT_SANDBOXING = YES;
				GCC_C_LANGUAGE_STANDARD = gnu17;
				GCC_NO_COMMON_BLOCKS = YES;
				GCC_WARN_64_TO_32_BIT_CONVERSION = YES;
				GCC_WARN_ABOUT_RETURN_TYPE = YES_ERROR;
				GCC_WARN_UNDECLARED_SELECTOR = YES;
				GCC_WARN_UNINITIALIZED_AUTOS = YES_AGGRESSIVE;
				GCC_WARN_UNUSED_FUNCTION = YES;
				GCC_WARN_UNUSED_VARIABLE = YES;
				IPHONEOS_DEPLOYMENT_TARGET = 17.4;
				LOCALIZATION_PREFERS_STRING_CATALOGS = YES;
				MTL_ENABLE_DEBUG_INFO = NO;
				MTL_FAST_MATH = YES;
				SDKROOT = iphoneos;
				SWIFT_COMPILATION_MODE = wholemodule;
				VALIDATE_PRODUCT = YES;
			};
			name = Release;
		};
		F58916DD2BA59997008EC345 /* Debug */ = {
			isa = XCBuildConfiguration;
			buildSettings = {
				ASSETCATALOG_COMPILER_APPICON_NAME = AppIcon;
				ASSETCATALOG_COMPILER_GLOBAL_ACCENT_COLOR_NAME = AccentColor;
				CODE_SIGN_STYLE = Automatic;
				CURRENT_PROJECT_VERSION = 1;
				DEVELOPMENT_ASSET_PATHS = "\"mybrary-renewal/Preview Content\"";
				DEVELOPMENT_TEAM = LBF339CHR8;
				ENABLE_PREVIEWS = YES;
				GENERATE_INFOPLIST_FILE = YES;
				INFOPLIST_KEY_UIApplicationSceneManifest_Generation = YES;
				INFOPLIST_KEY_UIApplicationSupportsIndirectInputEvents = YES;
				INFOPLIST_KEY_UILaunchScreen_Generation = YES;
				INFOPLIST_KEY_UISupportedInterfaceOrientations_iPad = "UIInterfaceOrientationPortrait UIInterfaceOrientationPortraitUpsideDown UIInterfaceOrientationLandscapeLeft UIInterfaceOrientationLandscapeRight";
				INFOPLIST_KEY_UISupportedInterfaceOrientations_iPhone = "UIInterfaceOrientationPortrait UIInterfaceOrientationLandscapeLeft UIInterfaceOrientationLandscapeRight";
				INFOPLIST_KEY_UIUserInterfaceStyle = Light;
				IPHONEOS_DEPLOYMENT_TARGET = 16.0;
				LD_RUNPATH_SEARCH_PATHS = (
					"$(inherited)",
					"@executable_path/Frameworks",
				);
				MARKETING_VERSION = 1.0;
				PRODUCT_BUNDLE_IDENTIFIER = "com.donggyujin.mybrary-renewal";
				PRODUCT_NAME = "$(TARGET_NAME)";
				SWIFT_EMIT_LOC_STRINGS = YES;
				SWIFT_VERSION = 5.0;
				TARGETED_DEVICE_FAMILY = "1,2";
			};
			name = Debug;
		};
		F58916DE2BA59997008EC345 /* Release */ = {
			isa = XCBuildConfiguration;
			buildSettings = {
				ASSETCATALOG_COMPILER_APPICON_NAME = AppIcon;
				ASSETCATALOG_COMPILER_GLOBAL_ACCENT_COLOR_NAME = AccentColor;
				CODE_SIGN_STYLE = Automatic;
				CURRENT_PROJECT_VERSION = 1;
				DEVELOPMENT_ASSET_PATHS = "\"mybrary-renewal/Preview Content\"";
				DEVELOPMENT_TEAM = LBF339CHR8;
				ENABLE_PREVIEWS = YES;
				GENERATE_INFOPLIST_FILE = YES;
				INFOPLIST_KEY_UIApplicationSceneManifest_Generation = YES;
				INFOPLIST_KEY_UIApplicationSupportsIndirectInputEvents = YES;
				INFOPLIST_KEY_UILaunchScreen_Generation = YES;
				INFOPLIST_KEY_UISupportedInterfaceOrientations_iPad = "UIInterfaceOrientationPortrait UIInterfaceOrientationPortraitUpsideDown UIInterfaceOrientationLandscapeLeft UIInterfaceOrientationLandscapeRight";
				INFOPLIST_KEY_UISupportedInterfaceOrientations_iPhone = "UIInterfaceOrientationPortrait UIInterfaceOrientationLandscapeLeft UIInterfaceOrientationLandscapeRight";
				INFOPLIST_KEY_UIUserInterfaceStyle = Light;
				IPHONEOS_DEPLOYMENT_TARGET = 16.0;
				LD_RUNPATH_SEARCH_PATHS = (
					"$(inherited)",
					"@executable_path/Frameworks",
				);
				MARKETING_VERSION = 1.0;
				PRODUCT_BUNDLE_IDENTIFIER = "com.donggyujin.mybrary-renewal";
				PRODUCT_NAME = "$(TARGET_NAME)";
				SWIFT_EMIT_LOC_STRINGS = YES;
				SWIFT_VERSION = 5.0;
				TARGETED_DEVICE_FAMILY = "1,2";
			};
			name = Release;
		};
/* End XCBuildConfiguration section */

/* Begin XCConfigurationList section */
		F58916C92BA59995008EC345 /* Build configuration list for PBXProject "mybrary-renewal" */ = {
			isa = XCConfigurationList;
			buildConfigurations = (
				F58916DA2BA59997008EC345 /* Debug */,
				F58916DB2BA59997008EC345 /* Release */,
			);
			defaultConfigurationIsVisible = 0;
			defaultConfigurationName = Release;
		};
		F58916DC2BA59997008EC345 /* Build configuration list for PBXNativeTarget "mybrary-renewal" */ = {
			isa = XCConfigurationList;
			buildConfigurations = (
				F58916DD2BA59997008EC345 /* Debug */,
				F58916DE2BA59997008EC345 /* Release */,
			);
			defaultConfigurationIsVisible = 0;
			defaultConfigurationName = Release;
		};
/* End XCConfigurationList section */

/* Begin XCRemoteSwiftPackageReference section */
		F58916EE2BA5AA88008EC345 /* XCRemoteSwiftPackageReference "Alamofire" */ = {
			isa = XCRemoteSwiftPackageReference;
			repositoryURL = "https://github.com/Alamofire/Alamofire.git";
			requirement = {
				kind = upToNextMajorVersion;
				minimumVersion = 5.9.0;
			};
		};
/* End XCRemoteSwiftPackageReference section */

/* Begin XCSwiftPackageProductDependency section */
		F58916EF2BA5AA88008EC345 /* Alamofire */ = {
			isa = XCSwiftPackageProductDependency;
			package = F58916EE2BA5AA88008EC345 /* XCRemoteSwiftPackageReference "Alamofire" */;
			productName = Alamofire;
		};
		F58916F12BA5AA88008EC345 /* AlamofireDynamic */ = {
			isa = XCSwiftPackageProductDependency;
			package = F58916EE2BA5AA88008EC345 /* XCRemoteSwiftPackageReference "Alamofire" */;
			productName = AlamofireDynamic;
		};
/* End XCSwiftPackageProductDependency section */
	};
	rootObject = F58916C62BA59995008EC345 /* Project object */;
}
